// !$*UTF8*$!
{
	archiveVersion = 1;
	classes = {
	};
	objectVersion = 50;
	objects = {

/* Begin PBXBuildFile section */
		879F3D2324FEE82C008E8F07 /* AppDelegate.swift in Sources */ = {isa = PBXBuildFile; fileRef = 879F3D2224FEE82C008E8F07 /* AppDelegate.swift */; };
		879F3D2524FEE82C008E8F07 /* SceneDelegate.swift in Sources */ = {isa = PBXBuildFile; fileRef = 879F3D2424FEE82C008E8F07 /* SceneDelegate.swift */; };
		879F3D2724FEE82C008E8F07 /* ViewController.swift in Sources */ = {isa = PBXBuildFile; fileRef = 879F3D2624FEE82C008E8F07 /* ViewController.swift */; };
		879F3D2A24FEE82C008E8F07 /* Main.storyboard in Resources */ = {isa = PBXBuildFile; fileRef = 879F3D2824FEE82C008E8F07 /* Main.storyboard */; };
		879F3D2C24FEE82F008E8F07 /* Assets.xcassets in Resources */ = {isa = PBXBuildFile; fileRef = 879F3D2B24FEE82F008E8F07 /* Assets.xcassets */; };
		879F3D2F24FEE82F008E8F07 /* LaunchScreen.storyboard in Resources */ = {isa = PBXBuildFile; fileRef = 879F3D2D24FEE82F008E8F07 /* LaunchScreen.storyboard */; };
/* End PBXBuildFile section */

/* Begin PBXFileReference section */
		879F3D1F24FEE82C008E8F07 /* SourceTree.app */ = {isa = PBXFileReference; explicitFileType = wrapper.application; includeInIndex = 0; path = SourceTree.app; sourceTree = BUILT_PRODUCTS_DIR; };
		879F3D2224FEE82C008E8F07 /* AppDelegate.swift */ = {isa = PBXFileReference; lastKnownFileType = sourcecode.swift; path = AppDelegate.swift; sourceTree = "<group>"; };
		879F3D2424FEE82C008E8F07 /* SceneDelegate.swift */ = {isa = PBXFileReference; lastKnownFileType = sourcecode.swift; path = SceneDelegate.swift; sourceTree = "<group>"; };
		879F3D2624FEE82C008E8F07 /* ViewController.swift */ = {isa = PBXFileReference; lastKnownFileType = sourcecode.swift; path = ViewController.swift; sourceTree = "<group>"; };
		879F3D2924FEE82C008E8F07 /* Base */ = {isa = PBXFileReference; lastKnownFileType = file.storyboard; name = Base; path = Base.lproj/Main.storyboard; sourceTree = "<group>"; };
		879F3D2B24FEE82F008E8F07 /* Assets.xcassets */ = {isa = PBXFileReference; lastKnownFileType = folder.assetcatalog; path = Assets.xcassets; sourceTree = "<group>"; };
		879F3D2E24FEE82F008E8F07 /* Base */ = {isa = PBXFileReference; lastKnownFileType = file.storyboard; name = Base; path = Base.lproj/LaunchScreen.storyboard; sourceTree = "<group>"; };
		879F3D3024FEE82F008E8F07 /* Info.plist */ = {isa = PBXFileReference; lastKnownFileType = text.plist.xml; path = Info.plist; sourceTree = "<group>"; };
/* End PBXFileReference section */

/* Begin PBXFrameworksBuildPhase section */
		879F3D1C24FEE82C008E8F07 /* Frameworks */ = {
			isa = PBXFrameworksBuildPhase;
			buildActionMask = 2147483647;
			files = (
			);
			runOnlyForDeploymentPostprocessing = 0;
		};
/* End PBXFrameworksBuildPhase section */

/* Begin PBXGroup section */
		879F3D1624FEE82C008E8F07 = {
			isa = PBXGroup;
			children = (
				879F3D2124FEE82C008E8F07 /* SourceTree */,
				879F3D2024FEE82C008E8F07 /* Products */,
			);
			sourceTree = "<group>";
		};
		879F3D2024FEE82C008E8F07 /* Products */ = {
			isa = PBXGroup;
			children = (
				879F3D1F24FEE82C008E8F07 /* SourceTree.app */,
			);
			name = Products;
			sourceTree = "<group>";
		};
		879F3D2124FEE82C008E8F07 /* SourceTree */ = {
			isa = PBXGroup;
			children = (
				879F3D2224FEE82C008E8F07 /* AppDelegate.swift */,
				879F3D2424FEE82C008E8F07 /* SceneDelegate.swift */,
				879F3D2624FEE82C008E8F07 /* ViewController.swift */,
				879F3D2824FEE82C008E8F07 /* Main.storyboard */,
				879F3D2B24FEE82F008E8F07 /* Assets.xcassets */,
				879F3D2D24FEE82F008E8F07 /* LaunchScreen.storyboard */,
				879F3D3024FEE82F008E8F07 /* Info.plist */,
			);
			path = SourceTree;
			sourceTree = "<group>";
		};
/* End PBXGroup section */

/* Begin PBXNativeTarget section */
		879F3D1E24FEE82C008E8F07 /* SourceTree */ = {
			isa = PBXNativeTarget;
			buildConfigurationList = 879F3D3324FEE82F008E8F07 /* Build configuration list for PBXNativeTarget "SourceTree" */;
			buildPhases = (
				879F3D1B24FEE82C008E8F07 /* Sources */,
				879F3D1C24FEE82C008E8F07 /* Frameworks */,
				879F3D1D24FEE82C008E8F07 /* Resources */,
			);
			buildRules = (
			);
			dependencies = (
			);
			name = SourceTree;
			productName = SourceTree;
			productReference = 879F3D1F24FEE82C008E8F07 /* SourceTree.app */;
			productType = "com.apple.product-type.application";
		};
/* End PBXNativeTarget section */

/* Begin PBXProject section */
		879F3D1724FEE82C008E8F07 /* Project object */ = {
			isa = PBXProject;
			attributes = {
				LastSwiftUpdateCheck = 1160;
				LastUpgradeCheck = 1160;
				ORGANIZATIONNAME = "Михаил Задорожный";
				TargetAttributes = {
					879F3D1E24FEE82C008E8F07 = {
						CreatedOnToolsVersion = 11.6;
					};
				};
			};
			buildConfigurationList = 879F3D1A24FEE82C008E8F07 /* Build configuration list for PBXProject "SourceTree" */;
			compatibilityVersion = "Xcode 9.3";
			developmentRegion = en;
			hasScannedForEncodings = 0;
			knownRegions = (
				en,
				Base,
			);
			mainGroup = 879F3D1624FEE82C008E8F07;
			productRefGroup = 879F3D2024FEE82C008E8F07 /* Products */;
			projectDirPath = "";
			projectRoot = "";
			targets = (
				879F3D1E24FEE82C008E8F07 /* SourceTree */,
			);
		};
/* End PBXProject section */

/* Begin PBXResourcesBuildPhase section */
		879F3D1D24FEE82C008E8F07 /* Resources */ = {
			isa = PBXResourcesBuildPhase;
			buildActionMask = 2147483647;
			files = (
				879F3D2F24FEE82F008E8F07 /* LaunchScreen.storyboard in Resources */,
				879F3D2C24FEE82F008E8F07 /* Assets.xcassets in Resources */,
				879F3D2A24FEE82C008E8F07 /* Main.storyboard in Resources */,
			);
			runOnlyForDeploymentPostprocessing = 0;
		};
/* End PBXResourcesBuildPhase section */

/* Begin PBXSourcesBuildPhase section */
		879F3D1B24FEE82C008E8F07 /* Sources */ = {
			isa = PBXSourcesBuildPhase;
			buildActionMask = 2147483647;
			files = (
				879F3D2724FEE82C008E8F07 /* ViewController.swift in Sources */,
				879F3D2324FEE82C008E8F07 /* AppDelegate.swift in Sources */,
				879F3D2524FEE82C008E8F07 /* SceneDelegate.swift in Sources */,
			);
			runOnlyForDeploymentPostprocessing = 0;
		};
/* End PBXSourcesBuildPhase section */

/* Begin PBXVariantGroup section */
		879F3D2824FEE82C008E8F07 /* Main.storyboard */ = {
			isa = PBXVariantGroup;
			children = (
				879F3D2924FEE82C008E8F07 /* Base */,
			);
			name = Main.storyboard;
			sourceTree = "<group>";
		};
		879F3D2D24FEE82F008E8F07 /* LaunchScreen.storyboard */ = {
			isa = PBXVariantGroup;
			children = (
				879F3D2E24FEE82F008E8F07 /* Base */,
			);
			name = LaunchScreen.storyboard;
			sourceTree = "<group>";
		};
/* End PBXVariantGroup section */

/* Begin XCBuildConfiguration section */
		879F3D3124FEE82F008E8F07 /* Debug */ = {
			isa = XCBuildConfiguration;
			buildSettings = {
				ALWAYS_SEARCH_USER_PATHS = NO;
				CLANG_ANALYZER_NONNULL = YES;
				CLANG_ANALYZER_NUMBER_OBJECT_CONVERSION = YES_AGGRESSIVE;
				CLANG_CXX_LANGUAGE_STANDARD = "gnu++14";
				CLANG_CXX_LIBRARY = "libc++";
				CLANG_ENABLE_MODULES = YES;
				CLANG_ENABLE_OBJC_ARC = YES;
				CLANG_ENABLE_OBJC_WEAK = YES;
				CLANG_WARN_BLOCK_CAPTURE_AUTORELEASING = YES;
				CLANG_WARN_BOOL_CONVERSION = YES;
				CLANG_WARN_COMMA = YES;
				CLANG_WARN_CONSTANT_CONVERSION = YES;
				CLANG_WARN_DEPRECATED_OBJC_IMPLEMENTATIONS = YES;
				CLANG_WARN_DIRECT_OBJC_ISA_USAGE = YES_ERROR;
				CLANG_WARN_DOCUMENTATION_COMMENTS = YES;
				CLANG_WARN_EMPTY_BODY = YES;
				CLANG_WARN_ENUM_CONVERSION = YES;
				CLANG_WARN_INFINITE_RECURSION = YES;
				CLANG_WARN_INT_CONVERSION = YES;
				CLANG_WARN_NON_LITERAL_NULL_CONVERSION = YES;
				CLANG_WARN_OBJC_IMPLICIT_RETAIN_SELF = YES;
				CLANG_WARN_OBJC_LITERAL_CONVERSION = YES;
				CLANG_WARN_OBJC_ROOT_CLASS = YES_ERROR;
				CLANG_WARN_RANGE_LOOP_ANALYSIS = YES;
				CLANG_WARN_STRICT_PROTOTYPES = YES;
				CLANG_WARN_SUSPICIOUS_MOVE = YES;
				CLANG_WARN_UNGUARDED_AVAILABILITY = YES_AGGRESSIVE;
				CLANG_WARN_UNREACHABLE_CODE = YES;
				CLANG_WARN__DUPLICATE_METHOD_MATCH = YES;
				COPY_PHASE_STRIP = NO;
				DEBUG_INFORMATION_FORMAT = dwarf;
				ENABLE_STRICT_OBJC_MSGSEND = YES;
				ENABLE_TESTABILITY = YES;
				GCC_C_LANGUAGE_STANDARD = gnu11;
				GCC_DYNAMIC_NO_PIC = NO;
				GCC_NO_COMMON_BLOCKS = YES;
				GCC_OPTIMIZATION_LEVEL = 0;
				GCC_PREPROCESSOR_DEFINITIONS = (
					"DEBUG=1",
					"$(inherited)",
				);
				GCC_WARN_64_TO_32_BIT_CONVERSION = YES;
				GCC_WARN_ABOUT_RETURN_TYPE = YES_ERROR;
				GCC_WARN_UNDECLARED_SELECTOR = YES;
				GCC_WARN_UNINITIALIZED_AUTOS = YES_AGGRESSIVE;
				GCC_WARN_UNUSED_FUNCTION = YES;
				GCC_WARN_UNUSED_VARIABLE = YES;
				IPHONEOS_DEPLOYMENT_TARGET = 13.6;
				MTL_ENABLE_DEBUG_INFO = INCLUDE_SOURCE;
				MTL_FAST_MATH = YES;
				ONLY_ACTIVE_ARCH = YES;
				SDKROOT = iphoneos;
				SWIFT_ACTIVE_COMPILATION_CONDITIONS = DEBUG;
				SWIFT_OPTIMIZATION_LEVEL = "-Onone";
			};
			name = Debug;
		};
		879F3D3224FEE82F008E8F07 /* Release */ = {
			isa = XCBuildConfiguration;
			buildSettings = {
				ALWAYS_SEARCH_USER_PATHS = NO;
				CLANG_ANALYZER_NONNULL = YES;
				CLANG_ANALYZER_NUMBER_OBJECT_CONVERSION = YES_AGGRESSIVE;
				CLANG_CXX_LANGUAGE_STANDARD = "gnu++14";
				CLANG_CXX_LIBRARY = "libc++";
				CLANG_ENABLE_MODULES = YES;
				CLANG_ENABLE_OBJC_ARC = YES;
				CLANG_ENABLE_OBJC_WEAK = YES;
				CLANG_WARN_BLOCK_CAPTURE_AUTORELEASING = YES;
				CLANG_WARN_BOOL_CONVERSION = YES;
				CLANG_WARN_COMMA = YES;
				CLANG_WARN_CONSTANT_CONVERSION = YES;
				CLANG_WARN_DEPRECATED_OBJC_IMPLEMENTATIONS = YES;
				CLANG_WARN_DIRECT_OBJC_ISA_USAGE = YES_ERROR;
				CLANG_WARN_DOCUMENTATION_COMMENTS = YES;
				CLANG_WARN_EMPTY_BODY = YES;
				CLANG_WARN_ENUM_CONVERSION = YES;
				CLANG_WARN_INFINITE_RECURSION = YES;
				CLANG_WARN_INT_CONVERSION = YES;
				CLANG_WARN_NON_LITERAL_NULL_CONVERSION = YES;
				CLANG_WARN_OBJC_IMPLICIT_RETAIN_SELF = YES;
				CLANG_WARN_OBJC_LITERAL_CONVERSION = YES;
				CLANG_WARN_OBJC_ROOT_CLASS = YES_ERROR;
				CLANG_WARN_RANGE_LOOP_ANALYSIS = YES;
				CLANG_WARN_STRICT_PROTOTYPES = YES;
				CLANG_WARN_SUSPICIOUS_MOVE = YES;
				CLANG_WARN_UNGUARDED_AVAILABILITY = YES_AGGRESSIVE;
				CLANG_WARN_UNREACHABLE_CODE = YES;
				CLANG_WARN__DUPLICATE_METHOD_MATCH = YES;
				COPY_PHASE_STRIP = NO;
				DEBUG_INFORMATION_FORMAT = "dwarf-with-dsym";
				ENABLE_NS_ASSERTIONS = NO;
				ENABLE_STRICT_OBJC_MSGSEND = YES;
				GCC_C_LANGUAGE_STANDARD = gnu11;
				GCC_NO_COMMON_BLOCKS = YES;
				GCC_WARN_64_TO_32_BIT_CONVERSION = YES;
				GCC_WARN_ABOUT_RETURN_TYPE = YES_ERROR;
				GCC_WARN_UNDECLARED_SELECTOR = YES;
				GCC_WARN_UNINITIALIZED_AUTOS = YES_AGGRESSIVE;
				GCC_WARN_UNUSED_FUNCTION = YES;
				GCC_WARN_UNUSED_VARIABLE = YES;
				IPHONEOS_DEPLOYMENT_TARGET = 13.6;
				MTL_ENABLE_DEBUG_INFO = NO;
				MTL_FAST_MATH = YES;
				SDKROOT = iphoneos;
				SWIFT_COMPILATION_MODE = wholemodule;
				SWIFT_OPTIMIZATION_LEVEL = "-O";
				VALIDATE_PRODUCT = YES;
			};
			name = Release;
		};
		879F3D3424FEE82F008E8F07 /* Debug */ = {
			isa = XCBuildConfiguration;
			buildSettings = {
				ASSETCATALOG_COMPILER_APPICON_NAME = AppIcon;
				CODE_SIGN_STYLE = Automatic;
				INFOPLIST_FILE = SourceTree/Info.plist;
				LD_RUNPATH_SEARCH_PATHS = (
					"$(inherited)",
					"@executable_path/Frameworks",
				);
				PRODUCT_BUNDLE_IDENTIFIER = com.zadoromihail.SourceTree;
				PRODUCT_NAME = "$(TARGET_NAME)";
				SWIFT_VERSION = 5.0;
				TARGETED_DEVICE_FAMILY = "1,2";
			};
			name = Debug;
		};
		879F3D3524FEE82F008E8F07 /* Release */ = {
			isa = XCBuildConfiguration;
			buildSettings = {
				ASSETCATALOG_COMPILER_APPICON_NAME = AppIcon;
				CODE_SIGN_STYLE = Automatic;
				INFOPLIST_FILE = SourceTree/Info.plist;
				LD_RUNPATH_SEARCH_PATHS = (
					"$(inherited)",
					"@executable_path/Frameworks",
				);
				PRODUCT_BUNDLE_IDENTIFIER = com.zadoromihail.SourceTree;
				PRODUCT_NAME = "$(TARGET_NAME)";
				SWIFT_VERSION = 5.0;
				TARGETED_DEVICE_FAMILY = "1,2";
			};
			name = Release;
		};
/* End XCBuildConfiguration section */

/* Begin XCConfigurationList section */
		879F3D1A24FEE82C008E8F07 /* Build configuration list for PBXProject "SourceTree" */ = {
			isa = XCConfigurationList;
			buildConfigurations = (
				879F3D3124FEE82F008E8F07 /* Debug */,
				879F3D3224FEE82F008E8F07 /* Release */,
			);
			defaultConfigurationIsVisible = 0;
			defaultConfigurationName = Release;
		};
		879F3D3324FEE82F008E8F07 /* Build configuration list for PBXNativeTarget "SourceTree" */ = {
			isa = XCConfigurationList;
			buildConfigurations = (
				879F3D3424FEE82F008E8F07 /* Debug */,
				879F3D3524FEE82F008E8F07 /* Release */,
			);
			defaultConfigurationIsVisible = 0;
			defaultConfigurationName = Release;
		};
/* End XCConfigurationList section */
	};
	rootObject = 879F3D1724FEE82C008E8F07 /* Project object */;
}
